// !$*UTF8*$!
{
	archiveVersion = 1;
	classes = {
	};
	objectVersion = 56;
	objects = {

/* Begin PBXBuildFile section */
		DEE070112A97410B00AC52E9 /* AppDelegate.swift in Sources */ = {isa = PBXBuildFile; fileRef = DEE070102A97410B00AC52E9 /* AppDelegate.swift */; };
		DEE070132A97410B00AC52E9 /* SceneDelegate.swift in Sources */ = {isa = PBXBuildFile; fileRef = DEE070122A97410B00AC52E9 /* SceneDelegate.swift */; };
		DEE070152A97410B00AC52E9 /* MainViewController.swift in Sources */ = {isa = PBXBuildFile; fileRef = DEE070142A97410B00AC52E9 /* MainViewController.swift */; };
		DEE0701A2A97410C00AC52E9 /* Assets.xcassets in Resources */ = {isa = PBXBuildFile; fileRef = DEE070192A97410C00AC52E9 /* Assets.xcassets */; };
		DEE0701D2A97410C00AC52E9 /* LaunchScreen.storyboard in Resources */ = {isa = PBXBuildFile; fileRef = DEE0701B2A97410C00AC52E9 /* LaunchScreen.storyboard */; };
		DEE070262A9747F400AC52E9 /* ContentsListButton.swift in Sources */ = {isa = PBXBuildFile; fileRef = DEE070252A9747F400AC52E9 /* ContentsListButton.swift */; };
		DEE070282A97480A00AC52E9 /* PreviewImageView.swift in Sources */ = {isa = PBXBuildFile; fileRef = DEE070272A97480A00AC52E9 /* PreviewImageView.swift */; };
		DEE0702B2A974F6100AC52E9 /* SnapKit in Frameworks */ = {isa = PBXBuildFile; productRef = DEE0702A2A974F6100AC52E9 /* SnapKit */; };
/* End PBXBuildFile section */

/* Begin PBXFileReference section */
		DEE0700D2A97410B00AC52E9 /* NetflixProject.app */ = {isa = PBXFileReference; explicitFileType = wrapper.application; includeInIndex = 0; path = NetflixProject.app; sourceTree = BUILT_PRODUCTS_DIR; };
		DEE070102A97410B00AC52E9 /* AppDelegate.swift */ = {isa = PBXFileReference; lastKnownFileType = sourcecode.swift; path = AppDelegate.swift; sourceTree = "<group>"; };
		DEE070122A97410B00AC52E9 /* SceneDelegate.swift */ = {isa = PBXFileReference; lastKnownFileType = sourcecode.swift; path = SceneDelegate.swift; sourceTree = "<group>"; };
		DEE070142A97410B00AC52E9 /* MainViewController.swift */ = {isa = PBXFileReference; lastKnownFileType = sourcecode.swift; path = MainViewController.swift; sourceTree = "<group>"; };
		DEE070192A97410C00AC52E9 /* Assets.xcassets */ = {isa = PBXFileReference; lastKnownFileType = folder.assetcatalog; path = Assets.xcassets; sourceTree = "<group>"; };
		DEE0701C2A97410C00AC52E9 /* Base */ = {isa = PBXFileReference; lastKnownFileType = file.storyboard; name = Base; path = Base.lproj/LaunchScreen.storyboard; sourceTree = "<group>"; };
		DEE0701E2A97410C00AC52E9 /* Info.plist */ = {isa = PBXFileReference; lastKnownFileType = text.plist.xml; path = Info.plist; sourceTree = "<group>"; };
		DEE070252A9747F400AC52E9 /* ContentsListButton.swift */ = {isa = PBXFileReference; lastKnownFileType = sourcecode.swift; path = ContentsListButton.swift; sourceTree = "<group>"; };
		DEE070272A97480A00AC52E9 /* PreviewImageView.swift */ = {isa = PBXFileReference; lastKnownFileType = sourcecode.swift; path = PreviewImageView.swift; sourceTree = "<group>"; };
/* End PBXFileReference section */

/* Begin PBXFrameworksBuildPhase section */
		DEE0700A2A97410B00AC52E9 /* Frameworks */ = {
			isa = PBXFrameworksBuildPhase;
			buildActionMask = 2147483647;
			files = (
				DEE0702B2A974F6100AC52E9 /* SnapKit in Frameworks */,
			);
			runOnlyForDeploymentPostprocessing = 0;
		};
/* End PBXFrameworksBuildPhase section */

/* Begin PBXGroup section */
		DEE070042A97410B00AC52E9 = {
			isa = PBXGroup;
			children = (
				DEE0700F2A97410B00AC52E9 /* NetflixProject */,
				DEE0700E2A97410B00AC52E9 /* Products */,
			);
			sourceTree = "<group>";
		};
		DEE0700E2A97410B00AC52E9 /* Products */ = {
			isa = PBXGroup;
			children = (
				DEE0700D2A97410B00AC52E9 /* NetflixProject.app */,
			);
			name = Products;
			sourceTree = "<group>";
		};
		DEE0700F2A97410B00AC52E9 /* NetflixProject */ = {
			isa = PBXGroup;
			children = (
				DEE070242A97475100AC52E9 /* CustomClass */,
				DEE070102A97410B00AC52E9 /* AppDelegate.swift */,
				DEE070122A97410B00AC52E9 /* SceneDelegate.swift */,
				DEE070142A97410B00AC52E9 /* MainViewController.swift */,
				DEE070192A97410C00AC52E9 /* Assets.xcassets */,
				DEE0701B2A97410C00AC52E9 /* LaunchScreen.storyboard */,
				DEE0701E2A97410C00AC52E9 /* Info.plist */,
			);
			path = NetflixProject;
			sourceTree = "<group>";
		};
		DEE070242A97475100AC52E9 /* CustomClass */ = {
			isa = PBXGroup;
			children = (
				DEE070252A9747F400AC52E9 /* ContentsListButton.swift */,
				DEE070272A97480A00AC52E9 /* PreviewImageView.swift */,
			);
			path = CustomClass;
			sourceTree = "<group>";
		};
/* End PBXGroup section */

/* Begin PBXNativeTarget section */
		DEE0700C2A97410B00AC52E9 /* NetflixProject */ = {
			isa = PBXNativeTarget;
			buildConfigurationList = DEE070212A97410C00AC52E9 /* Build configuration list for PBXNativeTarget "NetflixProject" */;
			buildPhases = (
				DEE070092A97410B00AC52E9 /* Sources */,
				DEE0700A2A97410B00AC52E9 /* Frameworks */,
				DEE0700B2A97410B00AC52E9 /* Resources */,
			);
			buildRules = (
			);
			dependencies = (
			);
			name = NetflixProject;
			packageProductDependencies = (
				DEE0702A2A974F6100AC52E9 /* SnapKit */,
			);
			productName = NetflixProject;
			productReference = DEE0700D2A97410B00AC52E9 /* NetflixProject.app */;
			productType = "com.apple.product-type.application";
		};
/* End PBXNativeTarget section */

/* Begin PBXProject section */
		DEE070052A97410B00AC52E9 /* Project object */ = {
			isa = PBXProject;
			attributes = {
				BuildIndependentTargetsInParallel = 1;
				LastSwiftUpdateCheck = 1430;
				LastUpgradeCheck = 1430;
				TargetAttributes = {
					DEE0700C2A97410B00AC52E9 = {
						CreatedOnToolsVersion = 14.3.1;
					};
				};
			};
			buildConfigurationList = DEE070082A97410B00AC52E9 /* Build configuration list for PBXProject "NetflixProject" */;
			compatibilityVersion = "Xcode 14.0";
			developmentRegion = en;
			hasScannedForEncodings = 0;
			knownRegions = (
				en,
				Base,
			);
			mainGroup = DEE070042A97410B00AC52E9;
			packageReferences = (
				DEE070292A974F6100AC52E9 /* XCRemoteSwiftPackageReference "SnapKit" */,
			);
			productRefGroup = DEE0700E2A97410B00AC52E9 /* Products */;
			projectDirPath = "";
			projectRoot = "";
			targets = (
				DEE0700C2A97410B00AC52E9 /* NetflixProject */,
			);
		};
/* End PBXProject section */

/* Begin PBXResourcesBuildPhase section */
		DEE0700B2A97410B00AC52E9 /* Resources */ = {
			isa = PBXResourcesBuildPhase;
			buildActionMask = 2147483647;
			files = (
				DEE0701D2A97410C00AC52E9 /* LaunchScreen.storyboard in Resources */,
				DEE0701A2A97410C00AC52E9 /* Assets.xcassets in Resources */,
			);
			runOnlyForDeploymentPostprocessing = 0;
		};
/* End PBXResourcesBuildPhase section */

/* Begin PBXSourcesBuildPhase section */
		DEE070092A97410B00AC52E9 /* Sources */ = {
			isa = PBXSourcesBuildPhase;
			buildActionMask = 2147483647;
			files = (
				DEE070152A97410B00AC52E9 /* MainViewController.swift in Sources */,
				DEE070262A9747F400AC52E9 /* ContentsListButton.swift in Sources */,
				DEE070282A97480A00AC52E9 /* PreviewImageView.swift in Sources */,
				DEE070112A97410B00AC52E9 /* AppDelegate.swift in Sources */,
				DEE070132A97410B00AC52E9 /* SceneDelegate.swift in Sources */,
			);
			runOnlyForDeploymentPostprocessing = 0;
		};
/* End PBXSourcesBuildPhase section */

/* Begin PBXVariantGroup section */
		DEE0701B2A97410C00AC52E9 /* LaunchScreen.storyboard */ = {
			isa = PBXVariantGroup;
			children = (
				DEE0701C2A97410C00AC52E9 /* Base */,
			);
			name = LaunchScreen.storyboard;
			sourceTree = "<group>";
		};
/* End PBXVariantGroup section */

/* Begin XCBuildConfiguration section */
		DEE0701F2A97410C00AC52E9 /* Debug */ = {
			isa = XCBuildConfiguration;
			buildSettings = {
				ALWAYS_SEARCH_USER_PATHS = NO;
				CLANG_ANALYZER_NONNULL = YES;
				CLANG_ANALYZER_NUMBER_OBJECT_CONVERSION = YES_AGGRESSIVE;
				CLANG_CXX_LANGUAGE_STANDARD = "gnu++20";
				CLANG_ENABLE_MODULES = YES;
				CLANG_ENABLE_OBJC_ARC = YES;
				CLANG_ENABLE_OBJC_WEAK = YES;
				CLANG_WARN_BLOCK_CAPTURE_AUTORELEASING = YES;
				CLANG_WARN_BOOL_CONVERSION = YES;
				CLANG_WARN_COMMA = YES;
				CLANG_WARN_CONSTANT_CONVERSION = YES;
				CLANG_WARN_DEPRECATED_OBJC_IMPLEMENTATIONS = YES;
				CLANG_WARN_DIRECT_OBJC_ISA_USAGE = YES_ERROR;
				CLANG_WARN_DOCUMENTATION_COMMENTS = YES;
				CLANG_WARN_EMPTY_BODY = YES;
				CLANG_WARN_ENUM_CONVERSION = YES;
				CLANG_WARN_INFINITE_RECURSION = YES;
				CLANG_WARN_INT_CONVERSION = YES;
				CLANG_WARN_NON_LITERAL_NULL_CONVERSION = YES;
				CLANG_WARN_OBJC_IMPLICIT_RETAIN_SELF = YES;
				CLANG_WARN_OBJC_LITERAL_CONVERSION = YES;
				CLANG_WARN_OBJC_ROOT_CLASS = YES_ERROR;
				CLANG_WARN_QUOTED_INCLUDE_IN_FRAMEWORK_HEADER = YES;
				CLANG_WARN_RANGE_LOOP_ANALYSIS = YES;
				CLANG_WARN_STRICT_PROTOTYPES = YES;
				CLANG_WARN_SUSPICIOUS_MOVE = YES;
				CLANG_WARN_UNGUARDED_AVAILABILITY = YES_AGGRESSIVE;
				CLANG_WARN_UNREACHABLE_CODE = YES;
				CLANG_WARN__DUPLICATE_METHOD_MATCH = YES;
				COPY_PHASE_STRIP = NO;
				DEBUG_INFORMATION_FORMAT = dwarf;
				ENABLE_STRICT_OBJC_MSGSEND = YES;
				ENABLE_TESTABILITY = YES;
				GCC_C_LANGUAGE_STANDARD = gnu11;
				GCC_DYNAMIC_NO_PIC = NO;
				GCC_NO_COMMON_BLOCKS = YES;
				GCC_OPTIMIZATION_LEVEL = 0;
				GCC_PREPROCESSOR_DEFINITIONS = (
					"DEBUG=1",
					"$(inherited)",
				);
				GCC_WARN_64_TO_32_BIT_CONVERSION = YES;
				GCC_WARN_ABOUT_RETURN_TYPE = YES_ERROR;
				GCC_WARN_UNDECLARED_SELECTOR = YES;
				GCC_WARN_UNINITIALIZED_AUTOS = YES_AGGRESSIVE;
				GCC_WARN_UNUSED_FUNCTION = YES;
				GCC_WARN_UNUSED_VARIABLE = YES;
				IPHONEOS_DEPLOYMENT_TARGET = 16.4;
				MTL_ENABLE_DEBUG_INFO = INCLUDE_SOURCE;
				MTL_FAST_MATH = YES;
				ONLY_ACTIVE_ARCH = YES;
				SDKROOT = iphoneos;
				SWIFT_ACTIVE_COMPILATION_CONDITIONS = DEBUG;
				SWIFT_OPTIMIZATION_LEVEL = "-Onone";
			};
			name = Debug;
		};
		DEE070202A97410C00AC52E9 /* Release */ = {
			isa = XCBuildConfiguration;
			buildSettings = {
				ALWAYS_SEARCH_USER_PATHS = NO;
				CLANG_ANALYZER_NONNULL = YES;
				CLANG_ANALYZER_NUMBER_OBJECT_CONVERSION = YES_AGGRESSIVE;
				CLANG_CXX_LANGUAGE_STANDARD = "gnu++20";
				CLANG_ENABLE_MODULES = YES;
				CLANG_ENABLE_OBJC_ARC = YES;
				CLANG_ENABLE_OBJC_WEAK = YES;
				CLANG_WARN_BLOCK_CAPTURE_AUTORELEASING = YES;
				CLANG_WARN_BOOL_CONVERSION = YES;
				CLANG_WARN_COMMA = YES;
				CLANG_WARN_CONSTANT_CONVERSION = YES;
				CLANG_WARN_DEPRECATED_OBJC_IMPLEMENTATIONS = YES;
				CLANG_WARN_DIRECT_OBJC_ISA_USAGE = YES_ERROR;
				CLANG_WARN_DOCUMENTATION_COMMENTS = YES;
				CLANG_WARN_EMPTY_BODY = YES;
				CLANG_WARN_ENUM_CONVERSION = YES;
				CLANG_WARN_INFINITE_RECURSION = YES;
				CLANG_WARN_INT_CONVERSION = YES;
				CLANG_WARN_NON_LITERAL_NULL_CONVERSION = YES;
				CLANG_WARN_OBJC_IMPLICIT_RETAIN_SELF = YES;
				CLANG_WARN_OBJC_LITERAL_CONVERSION = YES;
				CLANG_WARN_OBJC_ROOT_CLASS = YES_ERROR;
				CLANG_WARN_QUOTED_INCLUDE_IN_FRAMEWORK_HEADER = YES;
				CLANG_WARN_RANGE_LOOP_ANALYSIS = YES;
				CLANG_WARN_STRICT_PROTOTYPES = YES;
				CLANG_WARN_SUSPICIOUS_MOVE = YES;
				CLANG_WARN_UNGUARDED_AVAILABILITY = YES_AGGRESSIVE;
				CLANG_WARN_UNREACHABLE_CODE = YES;
				CLANG_WARN__DUPLICATE_METHOD_MATCH = YES;
				COPY_PHASE_STRIP = NO;
				DEBUG_INFORMATION_FORMAT = "dwarf-with-dsym";
				ENABLE_NS_ASSERTIONS = NO;
				ENABLE_STRICT_OBJC_MSGSEND = YES;
				GCC_C_LANGUAGE_STANDARD = gnu11;
				GCC_NO_COMMON_BLOCKS = YES;
				GCC_WARN_64_TO_32_BIT_CONVERSION = YES;
				GCC_WARN_ABOUT_RETURN_TYPE = YES_ERROR;
				GCC_WARN_UNDECLARED_SELECTOR = YES;
				GCC_WARN_UNINITIALIZED_AUTOS = YES_AGGRESSIVE;
				GCC_WARN_UNUSED_FUNCTION = YES;
				GCC_WARN_UNUSED_VARIABLE = YES;
				IPHONEOS_DEPLOYMENT_TARGET = 16.4;
				MTL_ENABLE_DEBUG_INFO = NO;
				MTL_FAST_MATH = YES;
				SDKROOT = iphoneos;
				SWIFT_COMPILATION_MODE = wholemodule;
				SWIFT_OPTIMIZATION_LEVEL = "-O";
				VALIDATE_PRODUCT = YES;
			};
			name = Release;
		};
		DEE070222A97410C00AC52E9 /* Debug */ = {
			isa = XCBuildConfiguration;
			buildSettings = {
				ASSETCATALOG_COMPILER_APPICON_NAME = AppIcon;
				ASSETCATALOG_COMPILER_GLOBAL_ACCENT_COLOR_NAME = AccentColor;
				CODE_SIGN_STYLE = Automatic;
				CURRENT_PROJECT_VERSION = 1;
				GENERATE_INFOPLIST_FILE = YES;
				INFOPLIST_FILE = NetflixProject/Info.plist;
				INFOPLIST_KEY_UIApplicationSupportsIndirectInputEvents = YES;
				INFOPLIST_KEY_UILaunchStoryboardName = LaunchScreen;
				INFOPLIST_KEY_UISupportedInterfaceOrientations_iPad = "UIInterfaceOrientationPortrait UIInterfaceOrientationPortraitUpsideDown UIInterfaceOrientationLandscapeLeft UIInterfaceOrientationLandscapeRight";
				INFOPLIST_KEY_UISupportedInterfaceOrientations_iPhone = "UIInterfaceOrientationPortrait UIInterfaceOrientationLandscapeLeft UIInterfaceOrientationLandscapeRight";
				IPHONEOS_DEPLOYMENT_TARGET = 16.0;
				LD_RUNPATH_SEARCH_PATHS = (
					"$(inherited)",
					"@executable_path/Frameworks",
				);
				MARKETING_VERSION = 1.0;
				PRODUCT_BUNDLE_IDENTIFIER = com.sesac.NetflixProject;
				PRODUCT_NAME = "$(TARGET_NAME)";
				SUPPORTED_PLATFORMS = "iphoneos iphonesimulator";
				SUPPORTS_MACCATALYST = NO;
				SUPPORTS_MAC_DESIGNED_FOR_IPHONE_IPAD = NO;
				SWIFT_EMIT_LOC_STRINGS = YES;
				SWIFT_VERSION = 5.0;
				TARGETED_DEVICE_FAMILY = 1;
			};
			name = Debug;
		};
		DEE070232A97410C00AC52E9 /* Release */ = {
			isa = XCBuildConfiguration;
			buildSettings = {
				ASSETCATALOG_COMPILER_APPICON_NAME = AppIcon;
				ASSETCATALOG_COMPILER_GLOBAL_ACCENT_COLOR_NAME = AccentColor;
				CODE_SIGN_STYLE = Automatic;
				CURRENT_PROJECT_VERSION = 1;
				GENERATE_INFOPLIST_FILE = YES;
				INFOPLIST_FILE = NetflixProject/Info.plist;
				INFOPLIST_KEY_UIApplicationSupportsIndirectInputEvents = YES;
				INFOPLIST_KEY_UILaunchStoryboardName = LaunchScreen;
				INFOPLIST_KEY_UISupportedInterfaceOrientations_iPad = "UIInterfaceOrientationPortrait UIInterfaceOrientationPortraitUpsideDown UIInterfaceOrientationLandscapeLeft UIInterfaceOrientationLandscapeRight";
				INFOPLIST_KEY_UISupportedInterfaceOrientations_iPhone = "UIInterfaceOrientationPortrait UIInterfaceOrientationLandscapeLeft UIInterfaceOrientationLandscapeRight";
				IPHONEOS_DEPLOYMENT_TARGET = 16.0;
				LD_RUNPATH_SEARCH_PATHS = (
					"$(inherited)",
					"@executable_path/Frameworks",
				);
				MARKETING_VERSION = 1.0;
				PRODUCT_BUNDLE_IDENTIFIER = com.sesac.NetflixProject;
				PRODUCT_NAME = "$(TARGET_NAME)";
				SUPPORTED_PLATFORMS = "iphoneos iphonesimulator";
				SUPPORTS_MACCATALYST = NO;
				SUPPORTS_MAC_DESIGNED_FOR_IPHONE_IPAD = NO;
				SWIFT_EMIT_LOC_STRINGS = YES;
				SWIFT_VERSION = 5.0;
				TARGETED_DEVICE_FAMILY = 1;
			};
			name = Release;
		};
/* End XCBuildConfiguration section */

/* Begin XCConfigurationList section */
		DEE070082A97410B00AC52E9 /* Build configuration list for PBXProject "NetflixProject" */ = {
			isa = XCConfigurationList;
			buildConfigurations = (
				DEE0701F2A97410C00AC52E9 /* Debug */,
				DEE070202A97410C00AC52E9 /* Release */,
			);
			defaultConfigurationIsVisible = 0;
			defaultConfigurationName = Release;
		};
		DEE070212A97410C00AC52E9 /* Build configuration list for PBXNativeTarget "NetflixProject" */ = {
			isa = XCConfigurationList;
			buildConfigurations = (
				DEE070222A97410C00AC52E9 /* Debug */,
				DEE070232A97410C00AC52E9 /* Release */,
			);
			defaultConfigurationIsVisible = 0;
			defaultConfigurationName = Release;
		};
/* End XCConfigurationList section */

/* Begin XCRemoteSwiftPackageReference section */
		DEE070292A974F6100AC52E9 /* XCRemoteSwiftPackageReference "SnapKit" */ = {
			isa = XCRemoteSwiftPackageReference;
			repositoryURL = "https://github.com/SnapKit/SnapKit.git";
			requirement = {
				kind = upToNextMajorVersion;
				minimumVersion = 5.0.0;
			};
		};
/* End XCRemoteSwiftPackageReference section */

/* Begin XCSwiftPackageProductDependency section */
		DEE0702A2A974F6100AC52E9 /* SnapKit */ = {
			isa = XCSwiftPackageProductDependency;
			package = DEE070292A974F6100AC52E9 /* XCRemoteSwiftPackageReference "SnapKit" */;
			productName = SnapKit;
		};
/* End XCSwiftPackageProductDependency section */
	};
	rootObject = DEE070052A97410B00AC52E9 /* Project object */;
}
